{
  "name": "@thatbadname/discord-command-handler",
  "version": "1.0.0",
  "lockfileVersion": 2,
  "requires": true,
  "packages": {
    "": {
      "name": "@thatbadname/discord-command-handler",
      "version": "1.0.0",
      "license": "ISC",
      "dependencies": {
        "discord-api-types": "^0.37.37"
      }
    },
    "node_modules/discord-api-types": {
      "version": "0.37.37",
      "resolved": "https://registry.npmjs.org/discord-api-types/-/discord-api-types-0.37.37.tgz",
      "integrity": "sha512-LDMBKzl/zbvHO/yCzno5hevuA6lFIXJwdKSJZQrB+1ToDpFfN9thK+xxgZNR4aVkI7GHRDja0p4Sl2oYVPnHYg=="
    }
  },
  "dependencies": {
    "discord-api-types": {
      "version": "0.37.37",
      "resolved": "https://registry.npmjs.org/discord-api-types/-/discord-api-types-0.37.37.tgz",
      "integrity": "sha512-LDMBKzl/zbvHO/yCzno5hevuA6lFIXJwdKSJZQrB+1ToDpFfN9thK+xxgZNR4aVkI7GHRDja0p4Sl2oYVPnHYg=="
    }
  }
}
